
Microsoft Visual Studio Solution File, Format Version 12.00
# Visual Studio Version 16
VisualStudioVersion = 16.0.28803.202
MinimumVisualStudioVersion = 10.0.40219.1
Project("{FAE04EC0-301F-11D3-BF4B-00C04F79EFBC}") = "FinancialManagementSystemAPI", "FinancialManagementSystemAPI\FinancialManagementSystemAPI.csproj", "{B901A1DD-F1F8-431F-819B-BCB6073E2FB6}"
EndProject
Project("{FAE04EC0-301F-11D3-BF4B-00C04F79EFBC}") = "Model", "Model\Model.csproj", "{EB6E8DD2-232C-4416-99DD-2BBA87E2D9A4}"
EndProject
Project("{FAE04EC0-301F-11D3-BF4B-00C04F79EFBC}") = "DataAccess", "DataAccess\DataAccess.csproj", "{7F53AB6A-B873-4C48-8472-BA12C93A3D6F}"
EndProject
Project("{FAE04EC0-301F-11D3-BF4B-00C04F79EFBC}") = "UnitTesting", "UnitTesting\UnitTesting.csproj", "{4A7B9C91-5756-4824-B0C8-EB6058E9CD36}"
EndProject
Global
	GlobalSection(SolutionConfigurationPlatforms) = preSolution
		Debug|Any CPU = Debug|Any CPU
		Release|Any CPU = Release|Any CPU
	EndGlobalSection
	GlobalSection(ProjectConfigurationPlatforms) = postSolution
		{B901A1DD-F1F8-431F-819B-BCB6073E2FB6}.Debug|Any CPU.ActiveCfg = Debug|Any CPU
		{B901A1DD-F1F8-431F-819B-BCB6073E2FB6}.Debug|Any CPU.Build.0 = Debug|Any CPU
		{B901A1DD-F1F8-431F-819B-BCB6073E2FB6}.Release|Any CPU.ActiveCfg = Release|Any CPU
		{B901A1DD-F1F8-431F-819B-BCB6073E2FB6}.Release|Any CPU.Build.0 = Release|Any CPU
		{EB6E8DD2-232C-4416-99DD-2BBA87E2D9A4}.Debug|Any CPU.ActiveCfg = Debug|Any CPU
		{EB6E8DD2-232C-4416-99DD-2BBA87E2D9A4}.Debug|Any CPU.Build.0 = Debug|Any CPU
		{EB6E8DD2-232C-4416-99DD-2BBA87E2D9A4}.Release|Any CPU.ActiveCfg = Release|Any CPU
		{EB6E8DD2-232C-4416-99DD-2BBA87E2D9A4}.Release|Any CPU.Build.0 = Release|Any CPU
		{7F53AB6A-B873-4C48-8472-BA12C93A3D6F}.Debug|Any CPU.ActiveCfg = Debug|Any CPU
		{7F53AB6A-B873-4C48-8472-BA12C93A3D6F}.Debug|Any CPU.Build.0 = Debug|Any CPU
		{7F53AB6A-B873-4C48-8472-BA12C93A3D6F}.Release|Any CPU.ActiveCfg = Release|Any CPU
		{7F53AB6A-B873-4C48-8472-BA12C93A3D6F}.Release|Any CPU.Build.0 = Release|Any CPU
		{4A7B9C91-5756-4824-B0C8-EB6058E9CD36}.Debug|Any CPU.ActiveCfg = Debug|Any CPU
		{4A7B9C91-5756-4824-B0C8-EB6058E9CD36}.Debug|Any CPU.Build.0 = Debug|Any CPU
		{4A7B9C91-5756-4824-B0C8-EB6058E9CD36}.Release|Any CPU.ActiveCfg = Release|Any CPU
		{4A7B9C91-5756-4824-B0C8-EB6058E9CD36}.Release|Any CPU.Build.0 = Release|Any CPU
	EndGlobalSection
	GlobalSection(SolutionProperties) = preSolution
		HideSolutionNode = FALSE
	EndGlobalSection
	GlobalSection(ExtensibilityGlobals) = postSolution
		SolutionGuid = {CC05866D-68BA-473A-9011-56D9E0E419F1}
	EndGlobalSection
EndGlobal
